<?xml version="1.0" encoding="utf-8"?>
<Project ToolsVersion="4.0" xmlns="http://schemas.microsoft.com/developer/msbuild/2003">
  <ItemGroup>
    <Filter Include="Source">
      <UniqueIdentifier>{740d063c-1604-45cb-8964-43939b515da3}</UniqueIdentifier>
      <Extensions>c;cpp</Extensions>
    </Filter>
    <Filter Include="Include">
      <UniqueIdentifier>{928c9262-e8f6-43d3-a239-19cb8176f88f}</UniqueIdentifier>
      <Extensions>h</Extensions>
    </Filter>
    <Filter Include="Resource">
      <UniqueIdentifier>{63d77007-6255-458f-a28c-3a8e668d869e}</UniqueIdentifier>
      <Extensions>rc</Extensions>
    </Filter>
    <Filter Include="Install">
      <UniqueIdentifier>{3e60f911-570e-4cdf-8bcb-ca4c211e048c}</UniqueIdentifier>
      <Extensions>inf;acm</Extensions>
    </Filter>
  </ItemGroup>
  <ItemGroup>
    <ClCompile Include="..\ACM\ACM.cpp">
      <Filter>Source</Filter>
    </ClCompile>
    <ClCompile Include="..\ACM\ACMStream.cpp">
      <Filter>Source</Filter>
    </ClCompile>
    <ClCompile Include="..\ACM\AEncodeProperties.cpp">
      <Filter>Source</Filter>
    </ClCompile>
    <ClCompile Include="..\ACM\DecodeStream.cpp">
      <Filter>Source</Filter>
    </ClCompile>
    <ClCompile Include="..\ACM\main.cpp">
      <Filter>Source</Filter>
    </ClCompile>
  </ItemGroup>
  <ItemGroup>
    <None Include="..\ACM\LameACM.inf">
      <Filter>Install</Filter>
    </None>
  </ItemGroup>
  <ItemGroup>
    <ClInclude Include="..\ACM\ACM.h">
      <Filter>Include</Filter>
    </ClInclude>
    <ClInclude Include="..\ACM\ACMStream.h">
      <Filter>Include</Filter>
    </ClInclude>
    <ClInclude Include="..\ACM\adebug.h">
      <Filter>Include</Filter>
    </ClInclude>
    <ClInclude Include="..\ACM\AEncodeProperties.h">
      <Filter>Include</Filter>
    </ClInclude>
    <ClInclude Include="..\ACM\DecodeStream.h">
      <Filter>Include</Filter>
    </ClInclude>
  </ItemGroup>
  <ItemGroup>
    <ResourceCompile Include="..\ACM\acm.rc">
      <Filter>Resource</Filter>
    </ResourceCompile>
  </ItemGroup>
  <ItemGroup>
    <Image Include="..\ACM\lame.ico">
      <Filter>Resource</Filter>
    </Image>
  </ItemGroup>
  <ItemGroup>
    <CustomBuild Include="..\ACM\lameACM.def">
      <Filter>Source</Filter>
    </CustomBuild>
    <CustomBuild Include="..\ACM\readme.txt" />
    <CustomBuild Include="..\ACM\TODO" />
  </ItemGroup>
</Project>