<?xml version="1.0" encoding="utf-8"?>
<Project ToolsVersion="4.0" xmlns="http://schemas.microsoft.com/developer/msbuild/2003">
  <ItemGroup>
    <Filter Include="Source">
      <UniqueIdentifier>{5abcb8d2-90a5-4eed-bea9-b1ba1aa92d4f}</UniqueIdentifier>
      <Extensions>c</Extensions>
    </Filter>
    <Filter Include="Include">
      <UniqueIdentifier>{b8b22fee-878d-48aa-a929-dbb3de81f1e6}</UniqueIdentifier>
      <Extensions>h</Extensions>
    </Filter>
  </ItemGroup>
  <ItemGroup>
    <ClCompile Include="..\mpglib\common.c">
      <Filter>Source</Filter>
    </ClCompile>
    <ClCompile Include="..\mpglib\dct64_i386.c">
      <Filter>Source</Filter>
    </ClCompile>
    <ClCompile Include="..\mpglib\decode_i386.c">
      <Filter>Source</Filter>
    </ClCompile>
    <ClCompile Include="..\mpglib\interface.c">
      <Filter>Source</Filter>
    </ClCompile>
    <ClCompile Include="..\mpglib\layer1.c">
      <Filter>Source</Filter>
    </ClCompile>
    <ClCompile Include="..\mpglib\layer2.c">
      <Filter>Source</Filter>
    </ClCompile>
    <ClCompile Include="..\mpglib\layer3.c">
      <Filter>Source</Filter>
    </ClCompile>
    <ClCompile Include="..\mpglib\tabinit.c">
      <Filter>Source</Filter>
    </ClCompile>
  </ItemGroup>
  <ItemGroup>
    <ClInclude Include="..\mpglib\common.h">
      <Filter>Include</Filter>
    </ClInclude>
    <ClInclude Include="..\mpglib\dct64_i386.h">
      <Filter>Include</Filter>
    </ClInclude>
    <ClInclude Include="..\mpglib\decode_i386.h">
      <Filter>Include</Filter>
    </ClInclude>
    <ClInclude Include="..\mpglib\huffman.h">
      <Filter>Include</Filter>
    </ClInclude>
    <ClInclude Include="..\mpglib\interface.h">
      <Filter>Include</Filter>
    </ClInclude>
    <ClInclude Include="..\mpglib\l2tables.h">
      <Filter>Include</Filter>
    </ClInclude>
    <ClInclude Include="..\mpglib\layer1.h">
      <Filter>Include</Filter>
    </ClInclude>
    <ClInclude Include="..\mpglib\layer2.h">
      <Filter>Include</Filter>
    </ClInclude>
    <ClInclude Include="..\mpglib\layer3.h">
      <Filter>Include</Filter>
    </ClInclude>
    <ClInclude Include="..\mpglib\mpg123.h">
      <Filter>Include</Filter>
    </ClInclude>
    <ClInclude Include="..\mpglib\mpglib.h">
      <Filter>Include</Filter>
    </ClInclude>
    <ClInclude Include="..\mpglib\tabinit.h">
      <Filter>Include</Filter>
    </ClInclude>
  </ItemGroup>
  <ItemGroup>
    <CustomBuild Include="..\configMS.h">
      <Filter>Include</Filter>
    </CustomBuild>
  </ItemGroup>
</Project>