
Microsoft Visual Studio Solution File, Format Version 12.00
# Visual Studio 15
VisualStudioVersion = 15.0.28307.1145
MinimumVisualStudioVersion = 10.0.40219.1
Project("{8BC9CEB8-8B4A-11D0-8D11-00A0C91BC942}") = "app lame", "vc9_lame_lame.vcxproj", "{EEF5B49E-DBD1-4E1B-8B86-C5D64FCBAD38}"
EndProject
Project("{8BC9CEB8-8B4A-11D0-8D11-00A0C91BC942}") = "libmp3lame-static", "vc9_libmp3lame.vcxproj", "{20536101-3B0E-43EF-94F9-080D595DAC57}"
EndProject
Project("{8BC9CEB8-8B4A-11D0-8D11-00A0C91BC942}") = "libmp3lame", "vc9_libmp3lame_dll.vcxproj", "{92BD50AA-04D6-4FBF-ACE1-468FAF6778F2}"
EndProject
Project("{8BC9CEB8-8B4A-11D0-8D11-00A0C91BC942}") = "libmpghip-static", "vc9_mpglib.vcxproj", "{E2DAB91A-8248-4625-8A85-2C2C2A390DD8}"
EndProject
Project("{8BC9CEB8-8B4A-11D0-8D11-00A0C91BC942}") = "app mp3rtp", "vc9_lame_mp3rtp.vcxproj", "{C04BA4EA-F719-456D-A332-6C3AF92D7BEA}"
EndProject
Project("{8BC9CEB8-8B4A-11D0-8D11-00A0C91BC942}") = "app mp3x", "vc9_lame_mp3x.vcxproj", "{E745EB1A-070A-45ED-B8BD-D9F794E23CFA}"
EndProject
Global
	GlobalSection(SolutionConfigurationPlatforms) = preSolution
		Debug|Win32 = Debug|Win32
		Debug|x64 = Debug|x64
		Release|Win32 = Release|Win32
		Release|x64 = Release|x64
		ReleaseNASM|Win32 = ReleaseNASM|Win32
		ReleaseNASM|x64 = ReleaseNASM|x64
		ReleaseSSE2|Win32 = ReleaseSSE2|Win32
		ReleaseSSE2|x64 = ReleaseSSE2|x64
	EndGlobalSection
	GlobalSection(ProjectConfigurationPlatforms) = postSolution
		{EEF5B49E-DBD1-4E1B-8B86-C5D64FCBAD38}.Debug|Win32.ActiveCfg = Debug|Win32
		{EEF5B49E-DBD1-4E1B-8B86-C5D64FCBAD38}.Debug|Win32.Build.0 = Debug|Win32
		{EEF5B49E-DBD1-4E1B-8B86-C5D64FCBAD38}.Debug|x64.ActiveCfg = Debug|x64
		{EEF5B49E-DBD1-4E1B-8B86-C5D64FCBAD38}.Release|Win32.ActiveCfg = Release|Win32
		{EEF5B49E-DBD1-4E1B-8B86-C5D64FCBAD38}.Release|Win32.Build.0 = Release|Win32
		{EEF5B49E-DBD1-4E1B-8B86-C5D64FCBAD38}.Release|x64.ActiveCfg = Release|x64
		{EEF5B49E-DBD1-4E1B-8B86-C5D64FCBAD38}.Release|x64.Build.0 = Release|x64
		{EEF5B49E-DBD1-4E1B-8B86-C5D64FCBAD38}.ReleaseNASM|Win32.ActiveCfg = ReleaseNASM|Win32
		{EEF5B49E-DBD1-4E1B-8B86-C5D64FCBAD38}.ReleaseNASM|Win32.Build.0 = ReleaseNASM|Win32
		{EEF5B49E-DBD1-4E1B-8B86-C5D64FCBAD38}.ReleaseNASM|x64.ActiveCfg = ReleaseNASM|x64
		{EEF5B49E-DBD1-4E1B-8B86-C5D64FCBAD38}.ReleaseNASM|x64.Build.0 = ReleaseNASM|x64
		{EEF5B49E-DBD1-4E1B-8B86-C5D64FCBAD38}.ReleaseSSE2|Win32.ActiveCfg = ReleaseSSE2|Win32
		{EEF5B49E-DBD1-4E1B-8B86-C5D64FCBAD38}.ReleaseSSE2|Win32.Build.0 = ReleaseSSE2|Win32
		{EEF5B49E-DBD1-4E1B-8B86-C5D64FCBAD38}.ReleaseSSE2|x64.ActiveCfg = ReleaseSSE2|x64
		{EEF5B49E-DBD1-4E1B-8B86-C5D64FCBAD38}.ReleaseSSE2|x64.Build.0 = ReleaseSSE2|x64
		{20536101-3B0E-43EF-94F9-080D595DAC57}.Debug|Win32.ActiveCfg = Debug|Win32
		{20536101-3B0E-43EF-94F9-080D595DAC57}.Debug|Win32.Build.0 = Debug|Win32
		{20536101-3B0E-43EF-94F9-080D595DAC57}.Debug|x64.ActiveCfg = Debug|x64
		{20536101-3B0E-43EF-94F9-080D595DAC57}.Debug|x64.Build.0 = Debug|x64
		{20536101-3B0E-43EF-94F9-080D595DAC57}.Release|Win32.ActiveCfg = Release|Win32
		{20536101-3B0E-43EF-94F9-080D595DAC57}.Release|Win32.Build.0 = Release|Win32
		{20536101-3B0E-43EF-94F9-080D595DAC57}.Release|x64.ActiveCfg = Release|x64
		{20536101-3B0E-43EF-94F9-080D595DAC57}.Release|x64.Build.0 = Release|x64
		{20536101-3B0E-43EF-94F9-080D595DAC57}.ReleaseNASM|Win32.ActiveCfg = ReleaseNASM|Win32
		{20536101-3B0E-43EF-94F9-080D595DAC57}.ReleaseNASM|Win32.Build.0 = ReleaseNASM|Win32
		{20536101-3B0E-43EF-94F9-080D595DAC57}.ReleaseNASM|x64.ActiveCfg = ReleaseNASM|x64
		{20536101-3B0E-43EF-94F9-080D595DAC57}.ReleaseNASM|x64.Build.0 = ReleaseNASM|x64
		{20536101-3B0E-43EF-94F9-080D595DAC57}.ReleaseSSE2|Win32.ActiveCfg = ReleaseSSE2|Win32
		{20536101-3B0E-43EF-94F9-080D595DAC57}.ReleaseSSE2|Win32.Build.0 = ReleaseSSE2|Win32
		{20536101-3B0E-43EF-94F9-080D595DAC57}.ReleaseSSE2|x64.ActiveCfg = ReleaseSSE2|x64
		{20536101-3B0E-43EF-94F9-080D595DAC57}.ReleaseSSE2|x64.Build.0 = ReleaseSSE2|x64
		{92BD50AA-04D6-4FBF-ACE1-468FAF6778F2}.Debug|Win32.ActiveCfg = Debug|Win32
		{92BD50AA-04D6-4FBF-ACE1-468FAF6778F2}.Debug|Win32.Build.0 = Debug|Win32
		{92BD50AA-04D6-4FBF-ACE1-468FAF6778F2}.Debug|x64.ActiveCfg = Debug|x64
		{92BD50AA-04D6-4FBF-ACE1-468FAF6778F2}.Debug|x64.Build.0 = Debug|x64
		{92BD50AA-04D6-4FBF-ACE1-468FAF6778F2}.Release|Win32.ActiveCfg = Release|Win32
		{92BD50AA-04D6-4FBF-ACE1-468FAF6778F2}.Release|Win32.Build.0 = Release|Win32
		{92BD50AA-04D6-4FBF-ACE1-468FAF6778F2}.Release|x64.ActiveCfg = Release|x64
		{92BD50AA-04D6-4FBF-ACE1-468FAF6778F2}.Release|x64.Build.0 = Release|x64
		{92BD50AA-04D6-4FBF-ACE1-468FAF6778F2}.ReleaseNASM|Win32.ActiveCfg = ReleaseNASM|Win32
		{92BD50AA-04D6-4FBF-ACE1-468FAF6778F2}.ReleaseNASM|Win32.Build.0 = ReleaseNASM|Win32
		{92BD50AA-04D6-4FBF-ACE1-468FAF6778F2}.ReleaseNASM|x64.ActiveCfg = ReleaseNASM|x64
		{92BD50AA-04D6-4FBF-ACE1-468FAF6778F2}.ReleaseNASM|x64.Build.0 = ReleaseNASM|x64
		{92BD50AA-04D6-4FBF-ACE1-468FAF6778F2}.ReleaseSSE2|Win32.ActiveCfg = ReleaseSSE2|Win32
		{92BD50AA-04D6-4FBF-ACE1-468FAF6778F2}.ReleaseSSE2|Win32.Build.0 = ReleaseSSE2|Win32
		{92BD50AA-04D6-4FBF-ACE1-468FAF6778F2}.ReleaseSSE2|x64.ActiveCfg = ReleaseSSE2|x64
		{92BD50AA-04D6-4FBF-ACE1-468FAF6778F2}.ReleaseSSE2|x64.Build.0 = ReleaseSSE2|x64
		{E2DAB91A-8248-4625-8A85-2C2C2A390DD8}.Debug|Win32.ActiveCfg = Debug|Win32
		{E2DAB91A-8248-4625-8A85-2C2C2A390DD8}.Debug|Win32.Build.0 = Debug|Win32
		{E2DAB91A-8248-4625-8A85-2C2C2A390DD8}.Debug|x64.ActiveCfg = Debug|x64
		{E2DAB91A-8248-4625-8A85-2C2C2A390DD8}.Debug|x64.Build.0 = Debug|x64
		{E2DAB91A-8248-4625-8A85-2C2C2A390DD8}.Release|Win32.ActiveCfg = Release|Win32
		{E2DAB91A-8248-4625-8A85-2C2C2A390DD8}.Release|Win32.Build.0 = Release|Win32
		{E2DAB91A-8248-4625-8A85-2C2C2A390DD8}.Release|x64.ActiveCfg = Release|x64
		{E2DAB91A-8248-4625-8A85-2C2C2A390DD8}.Release|x64.Build.0 = Release|x64
		{E2DAB91A-8248-4625-8A85-2C2C2A390DD8}.ReleaseNASM|Win32.ActiveCfg = ReleaseNASM|Win32
		{E2DAB91A-8248-4625-8A85-2C2C2A390DD8}.ReleaseNASM|Win32.Build.0 = ReleaseNASM|Win32
		{E2DAB91A-8248-4625-8A85-2C2C2A390DD8}.ReleaseNASM|x64.ActiveCfg = ReleaseNASM|x64
		{E2DAB91A-8248-4625-8A85-2C2C2A390DD8}.ReleaseNASM|x64.Build.0 = ReleaseNASM|x64
		{E2DAB91A-8248-4625-8A85-2C2C2A390DD8}.ReleaseSSE2|Win32.ActiveCfg = ReleaseSSE2|Win32
		{E2DAB91A-8248-4625-8A85-2C2C2A390DD8}.ReleaseSSE2|Win32.Build.0 = ReleaseSSE2|Win32
		{E2DAB91A-8248-4625-8A85-2C2C2A390DD8}.ReleaseSSE2|x64.ActiveCfg = ReleaseSSE2|x64
		{E2DAB91A-8248-4625-8A85-2C2C2A390DD8}.ReleaseSSE2|x64.Build.0 = ReleaseSSE2|x64
		{C04BA4EA-F719-456D-A332-6C3AF92D7BEA}.Debug|Win32.ActiveCfg = Debug|Win32
		{C04BA4EA-F719-456D-A332-6C3AF92D7BEA}.Debug|Win32.Build.0 = Debug|Win32
		{C04BA4EA-F719-456D-A332-6C3AF92D7BEA}.Debug|x64.ActiveCfg = Debug|x64
		{C04BA4EA-F719-456D-A332-6C3AF92D7BEA}.Release|Win32.ActiveCfg = Release|Win32
		{C04BA4EA-F719-456D-A332-6C3AF92D7BEA}.Release|Win32.Build.0 = Release|Win32
		{C04BA4EA-F719-456D-A332-6C3AF92D7BEA}.Release|x64.ActiveCfg = Release|x64
		{C04BA4EA-F719-456D-A332-6C3AF92D7BEA}.Release|x64.Build.0 = Release|x64
		{C04BA4EA-F719-456D-A332-6C3AF92D7BEA}.ReleaseNASM|Win32.ActiveCfg = ReleaseNASM|Win32
		{C04BA4EA-F719-456D-A332-6C3AF92D7BEA}.ReleaseNASM|Win32.Build.0 = ReleaseNASM|Win32
		{C04BA4EA-F719-456D-A332-6C3AF92D7BEA}.ReleaseNASM|x64.ActiveCfg = ReleaseNASM|x64
		{C04BA4EA-F719-456D-A332-6C3AF92D7BEA}.ReleaseNASM|x64.Build.0 = ReleaseNASM|x64
		{C04BA4EA-F719-456D-A332-6C3AF92D7BEA}.ReleaseSSE2|Win32.ActiveCfg = ReleaseSSE2|Win32
		{C04BA4EA-F719-456D-A332-6C3AF92D7BEA}.ReleaseSSE2|Win32.Build.0 = ReleaseSSE2|Win32
		{C04BA4EA-F719-456D-A332-6C3AF92D7BEA}.ReleaseSSE2|x64.ActiveCfg = ReleaseSSE2|x64
		{C04BA4EA-F719-456D-A332-6C3AF92D7BEA}.ReleaseSSE2|x64.Build.0 = ReleaseSSE2|x64
		{E745EB1A-070A-45ED-B8BD-D9F794E23CFA}.Debug|Win32.ActiveCfg = Debug|Win32
		{E745EB1A-070A-45ED-B8BD-D9F794E23CFA}.Debug|Win32.Build.0 = Debug|Win32
		{E745EB1A-070A-45ED-B8BD-D9F794E23CFA}.Debug|x64.ActiveCfg = Debug|x64
		{E745EB1A-070A-45ED-B8BD-D9F794E23CFA}.Release|Win32.ActiveCfg = Release|Win32
		{E745EB1A-070A-45ED-B8BD-D9F794E23CFA}.Release|Win32.Build.0 = Release|Win32
		{E745EB1A-070A-45ED-B8BD-D9F794E23CFA}.Release|x64.ActiveCfg = Release|x64
		{E745EB1A-070A-45ED-B8BD-D9F794E23CFA}.Release|x64.Build.0 = Release|x64
		{E745EB1A-070A-45ED-B8BD-D9F794E23CFA}.ReleaseNASM|Win32.ActiveCfg = ReleaseNASM|Win32
		{E745EB1A-070A-45ED-B8BD-D9F794E23CFA}.ReleaseNASM|Win32.Build.0 = ReleaseNASM|Win32
		{E745EB1A-070A-45ED-B8BD-D9F794E23CFA}.ReleaseNASM|x64.ActiveCfg = ReleaseNASM|x64
		{E745EB1A-070A-45ED-B8BD-D9F794E23CFA}.ReleaseNASM|x64.Build.0 = ReleaseNASM|x64
		{E745EB1A-070A-45ED-B8BD-D9F794E23CFA}.ReleaseSSE2|Win32.ActiveCfg = ReleaseSSE2|Win32
		{E745EB1A-070A-45ED-B8BD-D9F794E23CFA}.ReleaseSSE2|Win32.Build.0 = ReleaseSSE2|Win32
		{E745EB1A-070A-45ED-B8BD-D9F794E23CFA}.ReleaseSSE2|x64.ActiveCfg = ReleaseSSE2|x64
		{E745EB1A-070A-45ED-B8BD-D9F794E23CFA}.ReleaseSSE2|x64.Build.0 = ReleaseSSE2|x64
	EndGlobalSection
	GlobalSection(SolutionProperties) = preSolution
		HideSolutionNode = FALSE
	EndGlobalSection
	GlobalSection(ExtensibilityGlobals) = postSolution
		SolutionGuid = {C915873E-0D8B-4C84-8A9D-78AD3D850891}
	EndGlobalSection
EndGlobal
