<?xml version="1.0" encoding="utf-8"?>
<Project ToolsVersion="4.0" xmlns="http://schemas.microsoft.com/developer/msbuild/2003">
  <ItemGroup>
    <Filter Include="Source Files">
      <UniqueIdentifier>{c7e065a0-ef83-43b6-8f64-4504ab4e33d7}</UniqueIdentifier>
      <Extensions>cpp;c;cxx;rc;def;r;odl;hpj;bat;for;f90</Extensions>
    </Filter>
    <Filter Include="Header Files">
      <UniqueIdentifier>{cddd4f3a-f332-43fc-bf5b-91fb62c98d27}</UniqueIdentifier>
      <Extensions>h;hpp;hxx;hm;inl;fi;fd</Extensions>
    </Filter>
    <Filter Include="Resource Files">
      <UniqueIdentifier>{d35281f4-e86b-4351-97d1-e2fe843cd35b}</UniqueIdentifier>
      <Extensions>ico;cur;bmp;dlg;rc2;rct;bin;cnt;rtf;gif;jpg;jpeg;jpe</Extensions>
    </Filter>
  </ItemGroup>
  <ItemGroup>
    <ClCompile Include="..\DShow\aboutprp.cpp">
      <Filter>Source Files</Filter>
    </ClCompile>
    <ClCompile Include="..\DShow\Encoder.cpp">
      <Filter>Source Files</Filter>
    </ClCompile>
    <ClCompile Include="..\DShow\Mpegac.cpp">
      <Filter>Source Files</Filter>
    </ClCompile>
    <ClCompile Include="..\DShow\PropPage.cpp">
      <Filter>Source Files</Filter>
    </ClCompile>
    <ClCompile Include="..\DShow\PropPage_adv.cpp">
      <Filter>Source Files</Filter>
    </ClCompile>
    <ClCompile Include="..\DShow\REG.CPP">
      <Filter>Source Files</Filter>
    </ClCompile>
  </ItemGroup>
  <ItemGroup>
    <None Include="..\DShow\Mpegac.def">
      <Filter>Source Files</Filter>
    </None>
  </ItemGroup>
  <ItemGroup>
    <ResourceCompile Include="..\DShow\Property.rc">
      <Filter>Source Files</Filter>
    </ResourceCompile>
  </ItemGroup>
  <ItemGroup>
    <ClInclude Include="..\DShow\aboutprp.h">
      <Filter>Header Files</Filter>
    </ClInclude>
    <ClInclude Include="..\DShow\Encoder.h">
      <Filter>Header Files</Filter>
    </ClInclude>
    <ClInclude Include="..\DShow\iaudioprops.h">
      <Filter>Header Files</Filter>
    </ClInclude>
    <ClInclude Include="..\DShow\Mpegac.h">
      <Filter>Header Files</Filter>
    </ClInclude>
    <ClInclude Include="..\DShow\PropPage.h">
      <Filter>Header Files</Filter>
    </ClInclude>
    <ClInclude Include="..\DShow\PropPage_adv.h">
      <Filter>Header Files</Filter>
    </ClInclude>
    <ClInclude Include="..\DShow\reg.h">
      <Filter>Header Files</Filter>
    </ClInclude>
    <ClInclude Include="..\DShow\resource.h">
      <Filter>Header Files</Filter>
    </ClInclude>
    <ClInclude Include="..\DShow\uids.h">
      <Filter>Header Files</Filter>
    </ClInclude>
  </ItemGroup>
  <ItemGroup>
    <Image Include="..\DShow\elogo.ico">
      <Filter>Resource Files</Filter>
    </Image>
  </ItemGroup>
  <ItemGroup>
    <CustomBuild Include="..\include\lame.h">
      <Filter>Header Files</Filter>
    </CustomBuild>
    <CustomBuild Include="..\output\libmp3lame-dynamic.lib" />
    <CustomBuild Include="..\DShow\README" />
    <CustomBuild Include="..\DShow\STRMBASE.lib" />
  </ItemGroup>
</Project>